
Microsoft Visual Studio Solution File, Format Version 12.00
# Visual Studio 15
VisualStudioVersion = 15.0.27703.2035
MinimumVisualStudioVersion = 10.0.40219.1
Project("{FAE04EC0-301F-11D3-BF4B-00C04F79EFBC}") = "Lands.Android", "Lands\Lands.Android\Lands.Android.csproj", "{F898AD0E-74B0-4CE2-B825-DAC581326A68}"
EndProject
Project("{FAE04EC0-301F-11D3-BF4B-00C04F79EFBC}") = "Lands.iOS", "Lands\Lands.iOS\Lands.iOS.csproj", "{57361DB1-9748-4E23-AA67-58884D9E9D90}"
EndProject
Project("{FAE04EC0-301F-11D3-BF4B-00C04F79EFBC}") = "Lands", "Lands\Lands\Lands.csproj", "{510CC022-15E6-4CED-81BF-856028B0ECF3}"
EndProject
Global
	GlobalSection(SolutionConfigurationPlatforms) = preSolution
		Ad-Hoc|Any CPU = Ad-Hoc|Any CPU
		Ad-Hoc|iPhone = Ad-Hoc|iPhone
		Ad-Hoc|iPhoneSimulator = Ad-Hoc|iPhoneSimulator
		AppStore|Any CPU = AppStore|Any CPU
		AppStore|iPhone = AppStore|iPhone
		AppStore|iPhoneSimulator = AppStore|iPhoneSimulator
		Debug|Any CPU = Debug|Any CPU
		Debug|iPhone = Debug|iPhone
		Debug|iPhoneSimulator = Debug|iPhoneSimulator
		Release|Any CPU = Release|Any CPU
		Release|iPhone = Release|iPhone
		Release|iPhoneSimulator = Release|iPhoneSimulator
	EndGlobalSection
	GlobalSection(ProjectConfigurationPlatforms) = postSolution
		{F898AD0E-74B0-4CE2-B825-DAC581326A68}.Ad-Hoc|Any CPU.ActiveCfg = Release|Any CPU
		{F898AD0E-74B0-4CE2-B825-DAC581326A68}.Ad-Hoc|Any CPU.Build.0 = Release|Any CPU
		{F898AD0E-74B0-4CE2-B825-DAC581326A68}.Ad-Hoc|Any CPU.Deploy.0 = Release|Any CPU
		{F898AD0E-74B0-4CE2-B825-DAC581326A68}.Ad-Hoc|iPhone.ActiveCfg = Release|Any CPU
		{F898AD0E-74B0-4CE2-B825-DAC581326A68}.Ad-Hoc|iPhone.Build.0 = Release|Any CPU
		{F898AD0E-74B0-4CE2-B825-DAC581326A68}.Ad-Hoc|iPhone.Deploy.0 = Release|Any CPU
		{F898AD0E-74B0-4CE2-B825-DAC581326A68}.Ad-Hoc|iPhoneSimulator.ActiveCfg = Release|Any CPU
		{F898AD0E-74B0-4CE2-B825-DAC581326A68}.Ad-Hoc|iPhoneSimulator.Build.0 = Release|Any CPU
		{F898AD0E-74B0-4CE2-B825-DAC581326A68}.Ad-Hoc|iPhoneSimulator.Deploy.0 = Release|Any CPU
		{F898AD0E-74B0-4CE2-B825-DAC581326A68}.AppStore|Any CPU.ActiveCfg = Release|Any CPU
		{F898AD0E-74B0-4CE2-B825-DAC581326A68}.AppStore|Any CPU.Build.0 = Release|Any CPU
		{F898AD0E-74B0-4CE2-B825-DAC581326A68}.AppStore|Any CPU.Deploy.0 = Release|Any CPU
		{F898AD0E-74B0-4CE2-B825-DAC581326A68}.AppStore|iPhone.ActiveCfg = Release|Any CPU
		{F898AD0E-74B0-4CE2-B825-DAC581326A68}.AppStore|iPhone.Build.0 = Release|Any CPU
		{F898AD0E-74B0-4CE2-B825-DAC581326A68}.AppStore|iPhone.Deploy.0 = Release|Any CPU
		{F898AD0E-74B0-4CE2-B825-DAC581326A68}.AppStore|iPhoneSimulator.ActiveCfg = Release|Any CPU
		{F898AD0E-74B0-4CE2-B825-DAC581326A68}.AppStore|iPhoneSimulator.Build.0 = Release|Any CPU
		{F898AD0E-74B0-4CE2-B825-DAC581326A68}.AppStore|iPhoneSimulator.Deploy.0 = Release|Any CPU
		{F898AD0E-74B0-4CE2-B825-DAC581326A68}.Debug|Any CPU.ActiveCfg = Debug|Any CPU
		{F898AD0E-74B0-4CE2-B825-DAC581326A68}.Debug|Any CPU.Build.0 = Debug|Any CPU
		{F898AD0E-74B0-4CE2-B825-DAC581326A68}.Debug|Any CPU.Deploy.0 = Debug|Any CPU
		{F898AD0E-74B0-4CE2-B825-DAC581326A68}.Debug|iPhone.ActiveCfg = Debug|Any CPU
		{F898AD0E-74B0-4CE2-B825-DAC581326A68}.Debug|iPhone.Build.0 = Debug|Any CPU
		{F898AD0E-74B0-4CE2-B825-DAC581326A68}.Debug|iPhone.Deploy.0 = Debug|Any CPU
		{F898AD0E-74B0-4CE2-B825-DAC581326A68}.Debug|iPhoneSimulator.ActiveCfg = Debug|Any CPU
		{F898AD0E-74B0-4CE2-B825-DAC581326A68}.Debug|iPhoneSimulator.Build.0 = Debug|Any CPU
		{F898AD0E-74B0-4CE2-B825-DAC581326A68}.Debug|iPhoneSimulator.Deploy.0 = Debug|Any CPU
		{F898AD0E-74B0-4CE2-B825-DAC581326A68}.Release|Any CPU.ActiveCfg = Release|Any CPU
		{F898AD0E-74B0-4CE2-B825-DAC581326A68}.Release|Any CPU.Build.0 = Release|Any CPU
		{F898AD0E-74B0-4CE2-B825-DAC581326A68}.Release|Any CPU.Deploy.0 = Release|Any CPU
		{F898AD0E-74B0-4CE2-B825-DAC581326A68}.Release|iPhone.ActiveCfg = Release|Any CPU
		{F898AD0E-74B0-4CE2-B825-DAC581326A68}.Release|iPhone.Build.0 = Release|Any CPU
		{F898AD0E-74B0-4CE2-B825-DAC581326A68}.Release|iPhone.Deploy.0 = Release|Any CPU
		{F898AD0E-74B0-4CE2-B825-DAC581326A68}.Release|iPhoneSimulator.ActiveCfg = Release|Any CPU
		{F898AD0E-74B0-4CE2-B825-DAC581326A68}.Release|iPhoneSimulator.Build.0 = Release|Any CPU
		{F898AD0E-74B0-4CE2-B825-DAC581326A68}.Release|iPhoneSimulator.Deploy.0 = Release|Any CPU
		{57361DB1-9748-4E23-AA67-58884D9E9D90}.Ad-Hoc|Any CPU.ActiveCfg = Ad-Hoc|iPhone
		{57361DB1-9748-4E23-AA67-58884D9E9D90}.Ad-Hoc|Any CPU.Build.0 = Ad-Hoc|iPhone
		{57361DB1-9748-4E23-AA67-58884D9E9D90}.Ad-Hoc|Any CPU.Deploy.0 = Ad-Hoc|iPhone
		{57361DB1-9748-4E23-AA67-58884D9E9D90}.Ad-Hoc|iPhone.ActiveCfg = Ad-Hoc|iPhone
		{57361DB1-9748-4E23-AA67-58884D9E9D90}.Ad-Hoc|iPhone.Build.0 = Ad-Hoc|iPhone
		{57361DB1-9748-4E23-AA67-58884D9E9D90}.Ad-Hoc|iPhone.Deploy.0 = Ad-Hoc|iPhone
		{57361DB1-9748-4E23-AA67-58884D9E9D90}.Ad-Hoc|iPhoneSimulator.ActiveCfg = Ad-Hoc|iPhoneSimulator
		{57361DB1-9748-4E23-AA67-58884D9E9D90}.Ad-Hoc|iPhoneSimulator.Build.0 = Ad-Hoc|iPhoneSimulator
		{57361DB1-9748-4E23-AA67-58884D9E9D90}.Ad-Hoc|iPhoneSimulator.Deploy.0 = Ad-Hoc|iPhoneSimulator
		{57361DB1-9748-4E23-AA67-58884D9E9D90}.AppStore|Any CPU.ActiveCfg = AppStore|iPhone
		{57361DB1-9748-4E23-AA67-58884D9E9D90}.AppStore|Any CPU.Build.0 = AppStore|iPhone
		{57361DB1-9748-4E23-AA67-58884D9E9D90}.AppStore|Any CPU.Deploy.0 = AppStore|iPhone
		{57361DB1-9748-4E23-AA67-58884D9E9D90}.AppStore|iPhone.ActiveCfg = AppStore|iPhone
		{57361DB1-9748-4E23-AA67-58884D9E9D90}.AppStore|iPhone.Build.0 = AppStore|iPhone
		{57361DB1-9748-4E23-AA67-58884D9E9D90}.AppStore|iPhone.Deploy.0 = AppStore|iPhone
		{57361DB1-9748-4E23-AA67-58884D9E9D90}.AppStore|iPhoneSimulator.ActiveCfg = AppStore|iPhoneSimulator
		{57361DB1-9748-4E23-AA67-58884D9E9D90}.AppStore|iPhoneSimulator.Build.0 = AppStore|iPhoneSimulator
		{57361DB1-9748-4E23-AA67-58884D9E9D90}.AppStore|iPhoneSimulator.Deploy.0 = AppStore|iPhoneSimulator
		{57361DB1-9748-4E23-AA67-58884D9E9D90}.Debug|Any CPU.ActiveCfg = Debug|iPhoneSimulator
		{57361DB1-9748-4E23-AA67-58884D9E9D90}.Debug|Any CPU.Build.0 = Debug|iPhoneSimulator
		{57361DB1-9748-4E23-AA67-58884D9E9D90}.Debug|Any CPU.Deploy.0 = Debug|iPhoneSimulator
		{57361DB1-9748-4E23-AA67-58884D9E9D90}.Debug|iPhone.ActiveCfg = Debug|iPhone
		{57361DB1-9748-4E23-AA67-58884D9E9D90}.Debug|iPhone.Build.0 = Debug|iPhone
		{57361DB1-9748-4E23-AA67-58884D9E9D90}.Debug|iPhone.Deploy.0 = Debug|iPhone
		{57361DB1-9748-4E23-AA67-58884D9E9D90}.Debug|iPhoneSimulator.ActiveCfg = Debug|iPhoneSimulator
		{57361DB1-9748-4E23-AA67-58884D9E9D90}.Debug|iPhoneSimulator.Build.0 = Debug|iPhoneSimulator
		{57361DB1-9748-4E23-AA67-58884D9E9D90}.Debug|iPhoneSimulator.Deploy.0 = Debug|iPhoneSimulator
		{57361DB1-9748-4E23-AA67-58884D9E9D90}.Release|Any CPU.ActiveCfg = Release|iPhone
		{57361DB1-9748-4E23-AA67-58884D9E9D90}.Release|Any CPU.Build.0 = Release|iPhone
		{57361DB1-9748-4E23-AA67-58884D9E9D90}.Release|Any CPU.Deploy.0 = Release|iPhone
		{57361DB1-9748-4E23-AA67-58884D9E9D90}.Release|iPhone.ActiveCfg = Release|iPhone
		{57361DB1-9748-4E23-AA67-58884D9E9D90}.Release|iPhone.Build.0 = Release|iPhone
		{57361DB1-9748-4E23-AA67-58884D9E9D90}.Release|iPhone.Deploy.0 = Release|iPhone
		{57361DB1-9748-4E23-AA67-58884D9E9D90}.Release|iPhoneSimulator.ActiveCfg = Release|iPhoneSimulator
		{57361DB1-9748-4E23-AA67-58884D9E9D90}.Release|iPhoneSimulator.Build.0 = Release|iPhoneSimulator
		{57361DB1-9748-4E23-AA67-58884D9E9D90}.Release|iPhoneSimulator.Deploy.0 = Release|iPhoneSimulator
		{510CC022-15E6-4CED-81BF-856028B0ECF3}.Ad-Hoc|Any CPU.ActiveCfg = Debug|Any CPU
		{510CC022-15E6-4CED-81BF-856028B0ECF3}.Ad-Hoc|Any CPU.Build.0 = Debug|Any CPU
		{510CC022-15E6-4CED-81BF-856028B0ECF3}.Ad-Hoc|Any CPU.Deploy.0 = Debug|Any CPU
		{510CC022-15E6-4CED-81BF-856028B0ECF3}.Ad-Hoc|iPhone.ActiveCfg = Debug|Any CPU
		{510CC022-15E6-4CED-81BF-856028B0ECF3}.Ad-Hoc|iPhone.Build.0 = Debug|Any CPU
		{510CC022-15E6-4CED-81BF-856028B0ECF3}.Ad-Hoc|iPhone.Deploy.0 = Debug|Any CPU
		{510CC022-15E6-4CED-81BF-856028B0ECF3}.Ad-Hoc|iPhoneSimulator.ActiveCfg = Debug|Any CPU
		{510CC022-15E6-4CED-81BF-856028B0ECF3}.Ad-Hoc|iPhoneSimulator.Build.0 = Debug|Any CPU
		{510CC022-15E6-4CED-81BF-856028B0ECF3}.Ad-Hoc|iPhoneSimulator.Deploy.0 = Debug|Any CPU
		{510CC022-15E6-4CED-81BF-856028B0ECF3}.AppStore|Any CPU.ActiveCfg = Debug|Any CPU
		{510CC022-15E6-4CED-81BF-856028B0ECF3}.AppStore|Any CPU.Build.0 = Debug|Any CPU
		{510CC022-15E6-4CED-81BF-856028B0ECF3}.AppStore|Any CPU.Deploy.0 = Debug|Any CPU
		{510CC022-15E6-4CED-81BF-856028B0ECF3}.AppStore|iPhone.ActiveCfg = Debug|Any CPU
		{510CC022-15E6-4CED-81BF-856028B0ECF3}.AppStore|iPhone.Build.0 = Debug|Any CPU
		{510CC022-15E6-4CED-81BF-856028B0ECF3}.AppStore|iPhone.Deploy.0 = Debug|Any CPU
		{510CC022-15E6-4CED-81BF-856028B0ECF3}.AppStore|iPhoneSimulator.ActiveCfg = Debug|Any CPU
		{510CC022-15E6-4CED-81BF-856028B0ECF3}.AppStore|iPhoneSimulator.Build.0 = Debug|Any CPU
		{510CC022-15E6-4CED-81BF-856028B0ECF3}.AppStore|iPhoneSimulator.Deploy.0 = Debug|Any CPU
		{510CC022-15E6-4CED-81BF-856028B0ECF3}.Debug|Any CPU.ActiveCfg = Debug|Any CPU
		{510CC022-15E6-4CED-81BF-856028B0ECF3}.Debug|Any CPU.Build.0 = Debug|Any CPU
		{510CC022-15E6-4CED-81BF-856028B0ECF3}.Debug|Any CPU.Deploy.0 = Debug|Any CPU
		{510CC022-15E6-4CED-81BF-856028B0ECF3}.Debug|iPhone.ActiveCfg = Debug|Any CPU
		{510CC022-15E6-4CED-81BF-856028B0ECF3}.Debug|iPhone.Build.0 = Debug|Any CPU
		{510CC022-15E6-4CED-81BF-856028B0ECF3}.Debug|iPhone.Deploy.0 = Debug|Any CPU
		{510CC022-15E6-4CED-81BF-856028B0ECF3}.Debug|iPhoneSimulator.ActiveCfg = Debug|Any CPU
		{510CC022-15E6-4CED-81BF-856028B0ECF3}.Debug|iPhoneSimulator.Build.0 = Debug|Any CPU
		{510CC022-15E6-4CED-81BF-856028B0ECF3}.Debug|iPhoneSimulator.Deploy.0 = Debug|Any CPU
		{510CC022-15E6-4CED-81BF-856028B0ECF3}.Release|Any CPU.ActiveCfg = Release|Any CPU
		{510CC022-15E6-4CED-81BF-856028B0ECF3}.Release|Any CPU.Build.0 = Release|Any CPU
		{510CC022-15E6-4CED-81BF-856028B0ECF3}.Release|Any CPU.Deploy.0 = Release|Any CPU
		{510CC022-15E6-4CED-81BF-856028B0ECF3}.Release|iPhone.ActiveCfg = Release|Any CPU
		{510CC022-15E6-4CED-81BF-856028B0ECF3}.Release|iPhone.Build.0 = Release|Any CPU
		{510CC022-15E6-4CED-81BF-856028B0ECF3}.Release|iPhone.Deploy.0 = Release|Any CPU
		{510CC022-15E6-4CED-81BF-856028B0ECF3}.Release|iPhoneSimulator.ActiveCfg = Release|Any CPU
		{510CC022-15E6-4CED-81BF-856028B0ECF3}.Release|iPhoneSimulator.Build.0 = Release|Any CPU
		{510CC022-15E6-4CED-81BF-856028B0ECF3}.Release|iPhoneSimulator.Deploy.0 = Release|Any CPU
	EndGlobalSection
	GlobalSection(SolutionProperties) = preSolution
		HideSolutionNode = FALSE
	EndGlobalSection
	GlobalSection(ExtensibilityGlobals) = postSolution
		SolutionGuid = {CCA0D28C-BF1C-4D76-A173-249F80D851B6}
	EndGlobalSection
EndGlobal
